
Microsoft Visual Studio Solution File, Format Version 12.00
# Visual Studio 15
VisualStudioVersion = 15.0.28307.168
MinimumVisualStudioVersion = 10.0.40219.1
Project("{FAE04EC0-301F-11D3-BF4B-00C04F79EFBC}") = "WebApplicationOnOracle", "WebApplicationOnOracle\WebApplicationOnOracle.csproj", "{DBAC88D5-4F0F-4265-8BFA-69A89BFBBCE7}"
EndProject
Global
	GlobalSection(SolutionConfigurationPlatforms) = preSolution
		Debug|Any CPU = Debug|Any CPU
		Release|Any CPU = Release|Any CPU
	EndGlobalSection
	GlobalSection(ProjectConfigurationPlatforms) = postSolution
		{DBAC88D5-4F0F-4265-8BFA-69A89BFBBCE7}.Debug|Any CPU.ActiveCfg = Debug|Any CPU
		{DBAC88D5-4F0F-4265-8BFA-69A89BFBBCE7}.Debug|Any CPU.Build.0 = Debug|Any CPU
		{DBAC88D5-4F0F-4265-8BFA-69A89BFBBCE7}.Release|Any CPU.ActiveCfg = Release|Any CPU
		{DBAC88D5-4F0F-4265-8BFA-69A89BFBBCE7}.Release|Any CPU.Build.0 = Release|Any CPU
	EndGlobalSection
	GlobalSection(SolutionProperties) = preSolution
		HideSolutionNode = FALSE
	EndGlobalSection
	GlobalSection(ExtensibilityGlobals) = postSolution
		SolutionGuid = {D8D612A7-1B16-449C-AA8A-D4E45822B418}
	EndGlobalSection
EndGlobal
